
Microsoft Visual Studio Solution File, Format Version 12.00
# Visual Studio Version 17
VisualStudioVersion = 17.0.32014.148
MinimumVisualStudioVersion = 10.0.40219.1
Project("{FAE04EC0-301F-11D3-BF4B-00C04F79EFBC}") = "quality-education-backend", "quality-education-backend.csproj", "{224BC969-9690-458B-80FB-10B33B79267E}"
EndProject
Global
	GlobalSection(SolutionConfigurationPlatforms) = preSolution
		Debug|Any CPU = Debug|Any CPU
		Release|Any CPU = Release|Any CPU
	EndGlobalSection
	GlobalSection(ProjectConfigurationPlatforms) = postSolution
		{224BC969-9690-458B-80FB-10B33B79267E}.Debug|Any CPU.ActiveCfg = Debug|Any CPU
		{224BC969-9690-458B-80FB-10B33B79267E}.Debug|Any CPU.Build.0 = Debug|Any CPU
		{224BC969-9690-458B-80FB-10B33B79267E}.Release|Any CPU.ActiveCfg = Release|Any CPU
		{224BC969-9690-458B-80FB-10B33B79267E}.Release|Any CPU.Build.0 = Release|Any CPU
	EndGlobalSection
	GlobalSection(SolutionProperties) = preSolution
		HideSolutionNode = FALSE
	EndGlobalSection
	GlobalSection(ExtensibilityGlobals) = postSolution
		SolutionGuid = {61D804E7-F2FF-4909-859B-4F9A716C9F64}
	EndGlobalSection
EndGlobal
